# Code generated by scarb DO NOT EDIT.
version = 1

[[package]]
name = "fixed"
version = "0.3.0"
source = "registry+https://scarbs.xyz/"
checksum = "sha256:2f5867291f4bc0660ee113c1cb5e3edac65515dc4fb8618283d26b30bd13a021"

[[package]]
name = "glam"
version = "0.3.0"
source = "registry+https://scarbs.xyz/"
checksum = "sha256:61e33108ce8e6936f4f336366a7a5e6fc75deedc3193d11ba10e9a40da767c8c"
dependencies = [
 "fixed",
]

[[package]]
name = "rapier2d"
version = "0.1.0-alpha.2"
source = "registry+https://scarbs.xyz/"
checksum = "sha256:c7b8e92824aebe2376f6d958634ce1e9762136b24050c771bdd1f8bb5ab15142"
dependencies = [
 "fixed",
 "glam",
 "rapier_core",
 "rapier_dynamics2d",
 "rapier_geometry2d",
 "rapier_math",
]

[[package]]
name = "rapier_core"
version = "0.1.0-alpha.2"
source = "registry+https://scarbs.xyz/"
checksum = "sha256:88f3f5f2bea6a61528391670cd8518f892d013b31c05deb11e3d4a8f816ad842"
dependencies = [
 "fixed",
]

[[package]]
name = "rapier_dynamics2d"
version = "0.1.0-alpha.2"
source = "registry+https://scarbs.xyz/"
checksum = "sha256:db385b2d1b42fc1382361d442a4060e7cbe295e13836d0ee4ade9006e8befe53"
dependencies = [
 "fixed",
 "glam",
 "rapier_core",
 "rapier_geometry2d",
 "rapier_math",
]

[[package]]
name = "rapier_geometry2d"
version = "0.1.0-alpha.2"
source = "registry+https://scarbs.xyz/"
checksum = "sha256:6a6deb40d3e2e1834f1b750cd9b69d0e4fc071abf2b7cf53bfa84c31c9105328"
dependencies = [
 "fixed",
 "glam",
 "rapier_core",
 "rapier_math",
]

[[package]]
name = "rapier_math"
version = "0.1.0-alpha.2"
source = "registry+https://scarbs.xyz/"
checksum = "sha256:e3ec9a7c296ce7f3ef4859b6f216a354d5884fa68709b8fcd6ce8175f6e1fe8c"
dependencies = [
 "fixed",
 "glam",
]

[[package]]
name = "slingfall_game"
version = "0.1.0"
dependencies = [
 "slingfall_level",
 "slingfall_rules",
]

[[package]]
name = "slingfall_level"
version = "0.1.0"
dependencies = [
 "fixed",
 "glam",
 "rapier2d",
]

[[package]]
name = "slingfall_replay"
version = "0.1.0"
dependencies = [
 "fixed",
 "glam",
 "rapier2d",
 "slingfall_game",
 "slingfall_level",
 "slingfall_rules",
 "slingfall_testing",
 "snforge_std",
]

[[package]]
name = "slingfall_rules"
version = "0.1.0"
dependencies = [
 "fixed",
 "glam",
 "rapier2d",
 "slingfall_level",
]

[[package]]
name = "slingfall_testing"
version = "0.1.0"
dependencies = [
 "fixed",
 "glam",
]

[[package]]
name = "snforge_scarb_plugin"
version = "0.61.0"
source = "registry+https://scarbs.xyz/"
checksum = "sha256:6b5d7d4e3fc03b00a9913cb31c9bcf2a1fde23c10760e776fdac493b1f39086b"

[[package]]
name = "snforge_std"
version = "0.61.0"
source = "registry+https://scarbs.xyz/"
checksum = "sha256:e54712a6a33b746e1898db099688ed8b980eaed24d4dd21abf54285f04cf3aeb"
dependencies = [
 "snforge_scarb_plugin",
]
