# Code generated by scarb DO NOT EDIT.
version = 1

[[package]]
name = "fixed"
version = "0.3.0"
source = "registry+https://scarbs.xyz/"
checksum = "sha256:2f5867291f4bc0660ee113c1cb5e3edac65515dc4fb8618283d26b30bd13a021"

[[package]]
name = "glam"
version = "0.3.0"
source = "registry+https://scarbs.xyz/"
checksum = "sha256:61e33108ce8e6936f4f336366a7a5e6fc75deedc3193d11ba10e9a40da767c8c"
dependencies = [
 "fixed",
]

[[package]]
name = "rapier2d"
version = "0.1.0-alpha.5"
source = "registry+https://scarbs.xyz/"
checksum = "sha256:7616deae8776782f623660e77217443f64f205eca6a42ad17bf3c3f6b4274f94"
dependencies = [
 "fixed",
 "glam",
 "rapier_core",
 "rapier_dynamics2d",
 "rapier_geometry2d",
 "rapier_math",
]

[[package]]
name = "rapier_core"
version = "0.1.0-alpha.5"
source = "registry+https://scarbs.xyz/"
checksum = "sha256:ea79d6d8956296b140eb1502ca7d5f36e304f8d64a0645a2a92f4704a5d7346e"
dependencies = [
 "fixed",
]

[[package]]
name = "rapier_dynamics2d"
version = "0.1.0-alpha.5"
source = "registry+https://scarbs.xyz/"
checksum = "sha256:00bbbee6fa3b5db58f635dbdaeaac2693f11628134fafeff749decf56f0e5f99"
dependencies = [
 "fixed",
 "glam",
 "rapier_core",
 "rapier_geometry2d",
 "rapier_math",
]

[[package]]
name = "rapier_geometry2d"
version = "0.1.0-alpha.5"
source = "registry+https://scarbs.xyz/"
checksum = "sha256:d660aded03ec97453c810567d4436c7299689e12a7259135c5ab8268ee77b4e5"
dependencies = [
 "fixed",
 "glam",
 "rapier_core",
 "rapier_math",
]

[[package]]
name = "rapier_math"
version = "0.1.0-alpha.5"
source = "registry+https://scarbs.xyz/"
checksum = "sha256:0211ebec70dbf5b01b3c7a61ad1bf522832b7d5d13147982d70283ba61b9ac8a"
dependencies = [
 "fixed",
 "glam",
]

[[package]]
name = "slingfall_contract"
version = "0.1.0"
dependencies = [
 "fixed",
 "slingfall_game",
 "slingfall_level",
 "slingfall_rules",
 "slingfall_testing",
 "snforge_std",
]

[[package]]
name = "slingfall_game"
version = "0.1.0"
dependencies = [
 "slingfall_level",
 "slingfall_rules",
 "slingfall_testing",
 "snforge_std",
]

[[package]]
name = "slingfall_level"
version = "0.1.0"
dependencies = [
 "fixed",
 "glam",
 "rapier2d",
 "slingfall_testing",
 "snforge_std",
]

[[package]]
name = "slingfall_rules"
version = "0.1.0"
dependencies = [
 "fixed",
 "glam",
 "rapier2d",
 "slingfall_level",
 "slingfall_testing",
 "snforge_std",
]

[[package]]
name = "slingfall_sizes"
version = "0.1.0"
dependencies = [
 "fixed",
 "rapier2d",
 "slingfall_contract",
 "slingfall_game",
 "slingfall_level",
 "slingfall_rules",
 "snforge_std",
]

[[package]]
name = "slingfall_testing"
version = "0.1.0"
dependencies = [
 "fixed",
 "glam",
 "snforge_std",
]

[[package]]
name = "snforge_scarb_plugin"
version = "0.61.0"
source = "registry+https://scarbs.xyz/"
checksum = "sha256:6b5d7d4e3fc03b00a9913cb31c9bcf2a1fde23c10760e776fdac493b1f39086b"

[[package]]
name = "snforge_std"
version = "0.61.0"
source = "registry+https://scarbs.xyz/"
checksum = "sha256:e54712a6a33b746e1898db099688ed8b980eaed24d4dd21abf54285f04cf3aeb"
dependencies = [
 "snforge_scarb_plugin",
]
