# Code generated by scarb DO NOT EDIT.
version = 1

[[package]]
name = "fixed"
version = "0.3.0"
source = "registry+https://scarbs.xyz/"
checksum = "sha256:2f5867291f4bc0660ee113c1cb5e3edac65515dc4fb8618283d26b30bd13a021"

[[package]]
name = "glam"
version = "0.3.0"
source = "registry+https://scarbs.xyz/"
checksum = "sha256:61e33108ce8e6936f4f336366a7a5e6fc75deedc3193d11ba10e9a40da767c8c"
dependencies = [
 "fixed",
]

[[package]]
name = "rapier2d"
version = "0.1.0-alpha.7"
source = "registry+https://scarbs.xyz/"
checksum = "sha256:9e574d7e56dcdd79c853e9b20737f81cde80b12274954ab1588e1f21f7b79ce5"
dependencies = [
 "fixed",
 "glam",
 "rapier_core",
 "rapier_dynamics2d",
 "rapier_geometry2d",
 "rapier_math",
]

[[package]]
name = "rapier2d_classes"
version = "0.1.0-alpha.7"
source = "registry+https://scarbs.xyz/"
checksum = "sha256:422a15bc42f5a44277b11950cebc76c1c89cca8aeb0a0a2271b9bfaf9e666779"
dependencies = [
 "fixed",
 "glam",
 "rapier2d",
 "rapier_core",
 "rapier_dynamics2d",
 "rapier_geometry2d",
]

[[package]]
name = "rapier_core"
version = "0.1.0-alpha.7"
source = "registry+https://scarbs.xyz/"
checksum = "sha256:e6d7b64c6c61d457ca8f17c0596212af26cf228e3e51eff738734150e665e133"
dependencies = [
 "fixed",
]

[[package]]
name = "rapier_dynamics2d"
version = "0.1.0-alpha.7"
source = "registry+https://scarbs.xyz/"
checksum = "sha256:1e9fa8c252ed04940d87c5005825a7db76e26a51c696f8c8833ce457f35a512b"
dependencies = [
 "fixed",
 "glam",
 "rapier_core",
 "rapier_geometry2d",
 "rapier_math",
]

[[package]]
name = "rapier_geometry2d"
version = "0.1.0-alpha.7"
source = "registry+https://scarbs.xyz/"
checksum = "sha256:98bce17002f166184ecf6556d28bd8b81cdaaa27ca95920b31429f9103161ced"
dependencies = [
 "fixed",
 "glam",
 "rapier_core",
 "rapier_math",
]

[[package]]
name = "rapier_math"
version = "0.1.0-alpha.7"
source = "registry+https://scarbs.xyz/"
checksum = "sha256:80ef54f3d1af6191c70e8428e175fd26aa6a298bd940d8987c40efb8ad62b8cc"
dependencies = [
 "fixed",
 "glam",
]

[[package]]
name = "slingfall_contract"
version = "0.1.0"
dependencies = [
 "fixed",
 "slingfall_game",
 "slingfall_level",
 "slingfall_rules",
 "slingfall_testing",
 "snforge_std",
]

[[package]]
name = "slingfall_game"
version = "0.1.0"
dependencies = [
 "slingfall_level",
 "slingfall_rules",
 "slingfall_testing",
 "snforge_std",
]

[[package]]
name = "slingfall_level"
version = "0.1.0"
dependencies = [
 "fixed",
 "glam",
 "rapier2d",
 "slingfall_testing",
 "snforge_std",
]

[[package]]
name = "slingfall_rules"
version = "0.1.0"
dependencies = [
 "fixed",
 "glam",
 "rapier2d",
 "slingfall_level",
 "slingfall_testing",
 "snforge_std",
]

[[package]]
name = "slingfall_sizes"
version = "0.1.0"
dependencies = [
 "fixed",
 "rapier2d",
 "slingfall_contract",
 "slingfall_game",
 "slingfall_level",
 "slingfall_rules",
 "snforge_std",
]

[[package]]
name = "slingfall_split"
version = "0.1.0"
dependencies = [
 "fixed",
 "glam",
 "rapier2d",
 "rapier2d_classes",
 "rapier_dynamics2d",
 "slingfall_game",
 "slingfall_level",
 "slingfall_rules",
 "snforge_std",
]

[[package]]
name = "slingfall_testing"
version = "0.1.0"
dependencies = [
 "fixed",
 "glam",
 "snforge_std",
]

[[package]]
name = "snforge_scarb_plugin"
version = "0.61.0"
source = "registry+https://scarbs.xyz/"
checksum = "sha256:6b5d7d4e3fc03b00a9913cb31c9bcf2a1fde23c10760e776fdac493b1f39086b"

[[package]]
name = "snforge_std"
version = "0.61.0"
source = "registry+https://scarbs.xyz/"
checksum = "sha256:e54712a6a33b746e1898db099688ed8b980eaed24d4dd21abf54285f04cf3aeb"
dependencies = [
 "snforge_scarb_plugin",
]
