# Code generated by scarb DO NOT EDIT.
version = 1

[[package]]
name = "fixed"
version = "0.4.0"
source = "registry+https://scarbs.xyz/"
checksum = "sha256:a8f7ec541b8cc85894688ae9008cddb87cccc55a024b04b35f7fd3716d715064"

[[package]]
name = "glam_core"
version = "0.4.1"
source = "registry+https://scarbs.xyz/"
checksum = "sha256:86351a73e26bfd6bbdd7548775e9377b33ed08a9616a249117942ccb29b7c75f"
dependencies = [
 "fixed",
]

[[package]]
name = "rapier2d"
version = "0.1.0-alpha.8"
source = "registry+https://scarbs.xyz/"
checksum = "sha256:57788cb7ba7cbfe15a66281c01e20d8822bebe127e6f03772292e99d30397a68"
dependencies = [
 "fixed",
 "glam_core",
 "rapier_core",
 "rapier_dynamics2d",
 "rapier_geometry2d",
 "rapier_math",
]

[[package]]
name = "rapier2d_classes"
version = "0.1.0-alpha.8"
source = "registry+https://scarbs.xyz/"
checksum = "sha256:6e2acc054ada5285e5944b4f3f1e6dc14b167188c4664f8f3c5962cc909d828d"
dependencies = [
 "fixed",
 "glam_core",
 "rapier2d",
 "rapier_core",
 "rapier_dynamics2d",
 "rapier_geometry2d",
]

[[package]]
name = "rapier_core"
version = "0.1.0-alpha.8"
source = "registry+https://scarbs.xyz/"
checksum = "sha256:201e44d60502243e70fb37b8ac712084d751108ed909025b783e335ba47d125d"
dependencies = [
 "fixed",
]

[[package]]
name = "rapier_dynamics2d"
version = "0.1.0-alpha.8"
source = "registry+https://scarbs.xyz/"
checksum = "sha256:7f29fc614195491009b964c27da882114cd92f59ab774a0e062b0cfb0039fff0"
dependencies = [
 "fixed",
 "glam_core",
 "rapier_core",
 "rapier_geometry2d",
 "rapier_math",
]

[[package]]
name = "rapier_geometry2d"
version = "0.1.0-alpha.8"
source = "registry+https://scarbs.xyz/"
checksum = "sha256:6f99e289557889cece15e9cfae6849088ebb045a2efa96e2de00f4e9bf0b4274"
dependencies = [
 "fixed",
 "glam_core",
 "rapier_core",
 "rapier_math",
]

[[package]]
name = "rapier_math"
version = "0.1.0-alpha.8"
source = "registry+https://scarbs.xyz/"
checksum = "sha256:97bcbffa61e64d982629c7eda25c6a314c254a33087d70192225eb5f5dff4a78"
dependencies = [
 "fixed",
 "glam_core",
]

[[package]]
name = "slingfall_contract"
version = "0.1.0"
dependencies = [
 "fixed",
 "slingfall_game",
 "slingfall_level",
 "slingfall_rules",
 "slingfall_testing",
 "snforge_std",
]

[[package]]
name = "slingfall_game"
version = "0.1.0"
dependencies = [
 "slingfall_level",
 "slingfall_rules",
 "slingfall_testing",
 "snforge_std",
]

[[package]]
name = "slingfall_level"
version = "0.1.0"
dependencies = [
 "fixed",
 "glam_core",
 "rapier2d",
 "slingfall_testing",
 "snforge_std",
]

[[package]]
name = "slingfall_rules"
version = "0.1.0"
dependencies = [
 "fixed",
 "glam_core",
 "rapier2d",
 "slingfall_level",
 "slingfall_testing",
 "snforge_std",
]

[[package]]
name = "slingfall_sizes"
version = "0.1.0"
dependencies = [
 "fixed",
 "rapier2d",
 "slingfall_contract",
 "slingfall_game",
 "slingfall_level",
 "slingfall_rules",
 "snforge_std",
]

[[package]]
name = "slingfall_split"
version = "0.1.0"
dependencies = [
 "fixed",
 "glam_core",
 "rapier2d",
 "rapier2d_classes",
 "rapier_dynamics2d",
 "slingfall_game",
 "slingfall_level",
 "slingfall_rules",
 "snforge_std",
]

[[package]]
name = "slingfall_testing"
version = "0.1.0"
dependencies = [
 "fixed",
 "glam_core",
 "snforge_std",
]

[[package]]
name = "snforge_scarb_plugin"
version = "0.61.0"
source = "registry+https://scarbs.xyz/"
checksum = "sha256:6b5d7d4e3fc03b00a9913cb31c9bcf2a1fde23c10760e776fdac493b1f39086b"

[[package]]
name = "snforge_std"
version = "0.61.0"
source = "registry+https://scarbs.xyz/"
checksum = "sha256:e54712a6a33b746e1898db099688ed8b980eaed24d4dd21abf54285f04cf3aeb"
dependencies = [
 "snforge_scarb_plugin",
]
