# Code generated by scarb DO NOT EDIT.
version = 1

[[package]]
name = "c1main"
version = "0.1.0"
dependencies = [
 "fixed",
 "glam",
 "rapier2d",
 "slingfall_game",
 "slingfall_level",
 "slingfall_rules",
]

[[package]]
name = "fixed"
version = "0.3.0"
source = "registry+https://scarbs.xyz/"
checksum = "sha256:2f5867291f4bc0660ee113c1cb5e3edac65515dc4fb8618283d26b30bd13a021"

[[package]]
name = "glam"
version = "0.3.0"
source = "registry+https://scarbs.xyz/"
checksum = "sha256:61e33108ce8e6936f4f336366a7a5e6fc75deedc3193d11ba10e9a40da767c8c"
dependencies = [
 "fixed",
]

[[package]]
name = "rapier2d"
version = "0.1.0-alpha.3"
source = "registry+https://scarbs.xyz/"
checksum = "sha256:6d348c3f02589e3ec24f8d552d193e68b7db0510f5cc3773f7d01779436586b8"
dependencies = [
 "fixed",
 "glam",
 "rapier_core",
 "rapier_dynamics2d",
 "rapier_geometry2d",
 "rapier_math",
]

[[package]]
name = "rapier_core"
version = "0.1.0-alpha.3"
source = "registry+https://scarbs.xyz/"
checksum = "sha256:ceabc81428896d67a5c583316383fc9172c0e7ecf992be1e0b84d8b92942f781"
dependencies = [
 "fixed",
]

[[package]]
name = "rapier_dynamics2d"
version = "0.1.0-alpha.3"
source = "registry+https://scarbs.xyz/"
checksum = "sha256:9e6f1f8b4d5de1261b47688e5ea71db4c287e00cf2bc311f30b44e4b43c7cb5d"
dependencies = [
 "fixed",
 "glam",
 "rapier_core",
 "rapier_geometry2d",
 "rapier_math",
]

[[package]]
name = "rapier_geometry2d"
version = "0.1.0-alpha.3"
source = "registry+https://scarbs.xyz/"
checksum = "sha256:6fae9395a94654cc38bdb5728ce2f50119740ba792fd9e2b4ce829bc6c5f4ac6"
dependencies = [
 "fixed",
 "glam",
 "rapier_core",
 "rapier_math",
]

[[package]]
name = "rapier_math"
version = "0.1.0-alpha.3"
source = "registry+https://scarbs.xyz/"
checksum = "sha256:5d9d6ff3b89119551991f1c1875a8e942207ffc253ea7592dc9af83dd23bdf64"
dependencies = [
 "fixed",
 "glam",
]

[[package]]
name = "slingfall_game"
version = "0.1.0"
dependencies = [
 "slingfall_level",
 "slingfall_rules",
]

[[package]]
name = "slingfall_level"
version = "0.1.0"
dependencies = [
 "fixed",
 "glam",
 "rapier2d",
]

[[package]]
name = "slingfall_rules"
version = "0.1.0"
dependencies = [
 "fixed",
 "glam",
 "rapier2d",
 "slingfall_level",
]
