# Code generated by scarb DO NOT EDIT.
version = 1

[[package]]
name = "ball_drop"
version = "0.1.0"
dependencies = [
 "fixed",
 "glam",
 "rapier2d",
 "rapier_core",
 "rapier_dynamics2d",
 "rapier_math",
]

[[package]]
name = "fixed"
version = "0.3.0"
source = "registry+https://scarbs.xyz/"
checksum = "sha256:2f5867291f4bc0660ee113c1cb5e3edac65515dc4fb8618283d26b30bd13a021"

[[package]]
name = "glam"
version = "0.3.0"
source = "registry+https://scarbs.xyz/"
checksum = "sha256:61e33108ce8e6936f4f336366a7a5e6fc75deedc3193d11ba10e9a40da767c8c"
dependencies = [
 "fixed",
]

[[package]]
name = "rapier2d"
version = "0.1.0-alpha.1"
source = "registry+https://scarbs.xyz/"
checksum = "sha256:9c08e5957715aa65c743b90a6571b2dce53fbfcec40f20f819ac57a0a9cfeb77"
dependencies = [
 "fixed",
 "glam",
 "rapier_core",
 "rapier_dynamics2d",
 "rapier_geometry2d",
 "rapier_math",
]

[[package]]
name = "rapier_core"
version = "0.1.0-alpha.1"
source = "registry+https://scarbs.xyz/"
checksum = "sha256:b1f15f14d6b00e870315de76bf630be771925a3014448754d175875bc53eace9"
dependencies = [
 "fixed",
]

[[package]]
name = "rapier_dynamics2d"
version = "0.1.0-alpha.1"
source = "registry+https://scarbs.xyz/"
checksum = "sha256:b6d9b7d210d0f4c0615c8226a574fa9713385723433811d3138d58b7858b7853"
dependencies = [
 "fixed",
 "glam",
 "rapier_core",
 "rapier_geometry2d",
 "rapier_math",
]

[[package]]
name = "rapier_geometry2d"
version = "0.1.0-alpha.1"
source = "registry+https://scarbs.xyz/"
checksum = "sha256:4e939358dc208fe7b9df602cbc814b22e9b8ce35a5cb362c7c4cf80a7befadb2"
dependencies = [
 "fixed",
 "glam",
 "rapier_core",
 "rapier_math",
]

[[package]]
name = "rapier_math"
version = "0.1.0-alpha.1"
source = "registry+https://scarbs.xyz/"
checksum = "sha256:63b79b39f45e84e61a90273a8f8d31c850f3ef1ef496cd69664661596ab948c9"
dependencies = [
 "fixed",
 "glam",
]
