# Code generated by scarb DO NOT EDIT.
version = 1

[[package]]
name = "fixed"
version = "0.3.0"
source = "registry+https://scarbs.xyz/"
checksum = "sha256:2f5867291f4bc0660ee113c1cb5e3edac65515dc4fb8618283d26b30bd13a021"

[[package]]
name = "glam"
version = "0.3.0"
source = "registry+https://scarbs.xyz/"
checksum = "sha256:61e33108ce8e6936f4f336366a7a5e6fc75deedc3193d11ba10e9a40da767c8c"
dependencies = [
 "fixed",
]

[[package]]
name = "rapier2d"
version = "0.1.0-alpha.6"
source = "registry+https://scarbs.xyz/"
checksum = "sha256:1177e201cd7d0038879ba56e8cd71638b6f0108187437cdfa0c829d6829199c4"
dependencies = [
 "fixed",
 "glam",
 "rapier_core",
 "rapier_dynamics2d",
 "rapier_geometry2d",
 "rapier_math",
]

[[package]]
name = "rapier_core"
version = "0.1.0-alpha.6"
source = "registry+https://scarbs.xyz/"
checksum = "sha256:12231342955bb6dc9586ceb29445e1910f73868bb9a16e263a294b041f621d2c"
dependencies = [
 "fixed",
]

[[package]]
name = "rapier_dynamics2d"
version = "0.1.0-alpha.6"
source = "registry+https://scarbs.xyz/"
checksum = "sha256:561bc1962c2b19c74aa2e5bde62890cc10c7b5df978b999e667df716b0d281fc"
dependencies = [
 "fixed",
 "glam",
 "rapier_core",
 "rapier_geometry2d",
 "rapier_math",
]

[[package]]
name = "rapier_geometry2d"
version = "0.1.0-alpha.6"
source = "registry+https://scarbs.xyz/"
checksum = "sha256:96d275ff2cf37c60a2d3e69fd5507b239e71625a730499a3968fc21f0fc7f1f2"
dependencies = [
 "fixed",
 "glam",
 "rapier_core",
 "rapier_math",
]

[[package]]
name = "rapier_math"
version = "0.1.0-alpha.6"
source = "registry+https://scarbs.xyz/"
checksum = "sha256:5f019a9eac7ce615d4889cbeebc9fc68d444f0a4b804b8a4130f244adb6a4ab9"
dependencies = [
 "fixed",
 "glam",
]

[[package]]
name = "slingfall_contract"
version = "0.1.0"
dependencies = [
 "fixed",
 "slingfall_game",
 "slingfall_level",
 "slingfall_rules",
]

[[package]]
name = "slingfall_deploy"
version = "0.1.0"
dependencies = [
 "slingfall_contract",
]

[[package]]
name = "slingfall_game"
version = "0.1.0"
dependencies = [
 "slingfall_level",
 "slingfall_rules",
]

[[package]]
name = "slingfall_level"
version = "0.1.0"
dependencies = [
 "fixed",
 "glam",
 "rapier2d",
]

[[package]]
name = "slingfall_rules"
version = "0.1.0"
dependencies = [
 "fixed",
 "glam",
 "rapier2d",
 "slingfall_level",
]
